{
  "requires": true,
  "lockfileVersion": 1,
  "dependencies": {
    "metarhia-common": {
      "version": "0.0.24",
      "resolved": "https://registry.npmjs.org/metarhia-common/-/metarhia-common-0.0.24.tgz",
      "integrity": "sha512-PNMZxEp5XMA8hGO5BPWC7fJ6iBgy4wwZe7ePehhfX8RtV8zfI7yXtCph+HGCi1gfEgdFbrfzNimxZJrgWLFdhA=="
    },
    "metasync": {
      "version": "0.3.19",
      "resolved": "https://registry.npmjs.org/metasync/-/metasync-0.3.19.tgz",
      "integrity": "sha512-gLjfhiFhbH8fbTbAFgiydzTO7b5ohfWpAFt8GM0YiLqql/SlouEkAMqpEyZEmWGjsdIb7fXbP/re+AcyCmR9rw==",
      "requires": {
        "metarhia-common": "0.0.24"
      }
    }
  }
}
